
Microsoft Visual Studio Solution File, Format Version 12.00
# Visual Studio Version 17
VisualStudioVersion = 17.7.34031.279
MinimumVisualStudioVersion = 10.0.40219.1
Project("{FAE04EC0-301F-11D3-BF4B-00C04F79EFBC}") = "Dungeon", "Dungeon\Dungeon.csproj", "{64B9E5E2-565B-4300-B614-71787C8DEB30}"
EndProject
Global
	GlobalSection(SolutionConfigurationPlatforms) = preSolution
		Debug|Any CPU = Debug|Any CPU
		Release|Any CPU = Release|Any CPU
	EndGlobalSection
	GlobalSection(ProjectConfigurationPlatforms) = postSolution
		{64B9E5E2-565B-4300-B614-71787C8DEB30}.Debug|Any CPU.ActiveCfg = Debug|Any CPU
		{64B9E5E2-565B-4300-B614-71787C8DEB30}.Debug|Any CPU.Build.0 = Debug|Any CPU
		{64B9E5E2-565B-4300-B614-71787C8DEB30}.Release|Any CPU.ActiveCfg = Release|Any CPU
		{64B9E5E2-565B-4300-B614-71787C8DEB30}.Release|Any CPU.Build.0 = Release|Any CPU
	EndGlobalSection
	GlobalSection(SolutionProperties) = preSolution
		HideSolutionNode = FALSE
	EndGlobalSection
	GlobalSection(ExtensibilityGlobals) = postSolution
		SolutionGuid = {4B3D64E1-9B9B-440C-AF6D-B69245A6B5A8}
	EndGlobalSection
EndGlobal
